
Microsoft Visual Studio Solution File, Format Version 12.00
# Visual Studio 15
VisualStudioVersion = 15.0.28307.539
MinimumVisualStudioVersion = 10.0.40219.1
Project("{FAE04EC0-301F-11D3-BF4B-00C04F79EFBC}") = "QuizzApp_1", "QuizzApp_1\QuizzApp_1.csproj", "{21A7D2EB-6DBC-4A12-86F7-0F1466EB4BEE}"
EndProject
Global
	GlobalSection(SolutionConfigurationPlatforms) = preSolution
		Debug|Any CPU = Debug|Any CPU
		Release|Any CPU = Release|Any CPU
	EndGlobalSection
	GlobalSection(ProjectConfigurationPlatforms) = postSolution
		{21A7D2EB-6DBC-4A12-86F7-0F1466EB4BEE}.Debug|Any CPU.ActiveCfg = Debug|Any CPU
		{21A7D2EB-6DBC-4A12-86F7-0F1466EB4BEE}.Debug|Any CPU.Build.0 = Debug|Any CPU
		{21A7D2EB-6DBC-4A12-86F7-0F1466EB4BEE}.Release|Any CPU.ActiveCfg = Release|Any CPU
		{21A7D2EB-6DBC-4A12-86F7-0F1466EB4BEE}.Release|Any CPU.Build.0 = Release|Any CPU
	EndGlobalSection
	GlobalSection(SolutionProperties) = preSolution
		HideSolutionNode = FALSE
	EndGlobalSection
	GlobalSection(ExtensibilityGlobals) = postSolution
		SolutionGuid = {8E9B37E6-6A17-48A2-BCD6-50903E1C761F}
	EndGlobalSection
EndGlobal
